
Microsoft Visual Studio Solution File, Format Version 12.00
# Visual Studio Version 17
VisualStudioVersion = 17.10.34902.84
MinimumVisualStudioVersion = 10.0.40219.1
Project("{FAE04EC0-301F-11D3-BF4B-00C04F79EFBC}") = "WebApplication3", "WebApplication3.csproj", "{EFF1D14F-09FE-426B-AD87-9E4EF46170B2}"
EndProject
Global
	GlobalSection(SolutionConfigurationPlatforms) = preSolution
		Debug|Any CPU = Debug|Any CPU
		Release|Any CPU = Release|Any CPU
	EndGlobalSection
	GlobalSection(ProjectConfigurationPlatforms) = postSolution
		{EFF1D14F-09FE-426B-AD87-9E4EF46170B2}.Debug|Any CPU.ActiveCfg = Debug|Any CPU
		{EFF1D14F-09FE-426B-AD87-9E4EF46170B2}.Debug|Any CPU.Build.0 = Debug|Any CPU
		{EFF1D14F-09FE-426B-AD87-9E4EF46170B2}.Release|Any CPU.ActiveCfg = Release|Any CPU
		{EFF1D14F-09FE-426B-AD87-9E4EF46170B2}.Release|Any CPU.Build.0 = Release|Any CPU
	EndGlobalSection
	GlobalSection(SolutionProperties) = preSolution
		HideSolutionNode = FALSE
	EndGlobalSection
	GlobalSection(ExtensibilityGlobals) = postSolution
		SolutionGuid = {8250A0A1-0E7A-4EFF-ACBA-26BF6E57E022}
	EndGlobalSection
EndGlobal
